
Microsoft Visual Studio Solution File, Format Version 12.00
# Visual Studio Version 17
VisualStudioVersion = 17.14.37531.7 d17.14
MinimumVisualStudioVersion = 10.0.40219.1
Project("{FAE04EC0-301F-11D3-BF4B-00C04F79EFBC}") = "01-Presentation", "01-Presentation\01-Presentation.csproj", "{A82FB777-1D96-4783-88CF-8D4B03581AAB}"
EndProject
Project("{FAE04EC0-301F-11D3-BF4B-00C04F79EFBC}") = "02-Application", "02-Application\02-Application.csproj", "{A2E5807F-9D65-40A3-BC79-CBC45EEBE79C}"
EndProject
Project("{FAE04EC0-301F-11D3-BF4B-00C04F79EFBC}") = "03-Infrastructure", "03-Infrastructure\03-Infrastructure.csproj", "{2F4044D7-5B58-45E2-8EA8-D01349F276B4}"
EndProject
Project("{FAE04EC0-301F-11D3-BF4B-00C04F79EFBC}") = "05-Tests", "05-Tests\05-Tests.csproj", "{A8114CFC-D3EA-492E-BB55-99AC00CB5DC8}"
EndProject
Project("{FAE04EC0-301F-11D3-BF4B-00C04F79EFBC}") = "04-Domain", "04-Domain\04-Domain.csproj", "{6AA6D0EE-DF07-4628-AEC4-46650EC0634C}"
EndProject
Global
	GlobalSection(SolutionConfigurationPlatforms) = preSolution
		Debug|Any CPU = Debug|Any CPU
		Release|Any CPU = Release|Any CPU
	EndGlobalSection
	GlobalSection(ProjectConfigurationPlatforms) = postSolution
		{A82FB777-1D96-4783-88CF-8D4B03581AAB}.Debug|Any CPU.ActiveCfg = Debug|Any CPU
		{A82FB777-1D96-4783-88CF-8D4B03581AAB}.Debug|Any CPU.Build.0 = Debug|Any CPU
		{A82FB777-1D96-4783-88CF-8D4B03581AAB}.Release|Any CPU.ActiveCfg = Release|Any CPU
		{A82FB777-1D96-4783-88CF-8D4B03581AAB}.Release|Any CPU.Build.0 = Release|Any CPU
		{A2E5807F-9D65-40A3-BC79-CBC45EEBE79C}.Debug|Any CPU.ActiveCfg = Debug|Any CPU
		{A2E5807F-9D65-40A3-BC79-CBC45EEBE79C}.Debug|Any CPU.Build.0 = Debug|Any CPU
		{A2E5807F-9D65-40A3-BC79-CBC45EEBE79C}.Release|Any CPU.ActiveCfg = Release|Any CPU
		{A2E5807F-9D65-40A3-BC79-CBC45EEBE79C}.Release|Any CPU.Build.0 = Release|Any CPU
		{2F4044D7-5B58-45E2-8EA8-D01349F276B4}.Debug|Any CPU.ActiveCfg = Debug|Any CPU
		{2F4044D7-5B58-45E2-8EA8-D01349F276B4}.Debug|Any CPU.Build.0 = Debug|Any CPU
		{2F4044D7-5B58-45E2-8EA8-D01349F276B4}.Release|Any CPU.ActiveCfg = Release|Any CPU
		{2F4044D7-5B58-45E2-8EA8-D01349F276B4}.Release|Any CPU.Build.0 = Release|Any CPU
		{A8114CFC-D3EA-492E-BB55-99AC00CB5DC8}.Debug|Any CPU.ActiveCfg = Debug|Any CPU
		{A8114CFC-D3EA-492E-BB55-99AC00CB5DC8}.Debug|Any CPU.Build.0 = Debug|Any CPU
		{A8114CFC-D3EA-492E-BB55-99AC00CB5DC8}.Release|Any CPU.ActiveCfg = Release|Any CPU
		{A8114CFC-D3EA-492E-BB55-99AC00CB5DC8}.Release|Any CPU.Build.0 = Release|Any CPU
		{6AA6D0EE-DF07-4628-AEC4-46650EC0634C}.Debug|Any CPU.ActiveCfg = Debug|Any CPU
		{6AA6D0EE-DF07-4628-AEC4-46650EC0634C}.Debug|Any CPU.Build.0 = Debug|Any CPU
		{6AA6D0EE-DF07-4628-AEC4-46650EC0634C}.Release|Any CPU.ActiveCfg = Release|Any CPU
		{6AA6D0EE-DF07-4628-AEC4-46650EC0634C}.Release|Any CPU.Build.0 = Release|Any CPU
	EndGlobalSection
	GlobalSection(SolutionProperties) = preSolution
		HideSolutionNode = FALSE
	EndGlobalSection
	GlobalSection(ExtensibilityGlobals) = postSolution
		SolutionGuid = {76C1AD06-8DBB-4886-8B80-7AC6A06193C1}
	EndGlobalSection
EndGlobal
